
Microsoft Visual Studio Solution File, Format Version 12.00
# Visual Studio Version 17
VisualStudioVersion = 17.8.34330.188
MinimumVisualStudioVersion = 10.0.40219.1
Project("{FAE04EC0-301F-11D3-BF4B-00C04F79EFBC}") = "TestProject1", "TestProject1\TestProject1.csproj", "{A1791FAA-3014-400E-9741-1544171E7DBF}"
EndProject
Global
	GlobalSection(SolutionConfigurationPlatforms) = preSolution
		Debug|Any CPU = Debug|Any CPU
		Release|Any CPU = Release|Any CPU
	EndGlobalSection
	GlobalSection(ProjectConfigurationPlatforms) = postSolution
		{A1791FAA-3014-400E-9741-1544171E7DBF}.Debug|Any CPU.ActiveCfg = Debug|Any CPU
		{A1791FAA-3014-400E-9741-1544171E7DBF}.Debug|Any CPU.Build.0 = Debug|Any CPU
		{A1791FAA-3014-400E-9741-1544171E7DBF}.Release|Any CPU.ActiveCfg = Release|Any CPU
		{A1791FAA-3014-400E-9741-1544171E7DBF}.Release|Any CPU.Build.0 = Release|Any CPU
	EndGlobalSection
	GlobalSection(SolutionProperties) = preSolution
		HideSolutionNode = FALSE
	EndGlobalSection
	GlobalSection(ExtensibilityGlobals) = postSolution
		SolutionGuid = {22765A30-1113-4F35-AFA4-EF1EFEE65148}
	EndGlobalSection
EndGlobal
